
Microsoft Visual Studio Solution File, Format Version 12.00
# Visual Studio Version 16
VisualStudioVersion = 16.0.29201.188
MinimumVisualStudioVersion = 10.0.40219.1
Project("{FAE04EC0-301F-11D3-BF4B-00C04F79EFBC}") = "20210915", "20210915\20210915.csproj", "{092493A6-CAF0-4FE9-914B-765BFBB1EE7D}"
EndProject
Global
	GlobalSection(SolutionConfigurationPlatforms) = preSolution
		Debug|Any CPU = Debug|Any CPU
		Release|Any CPU = Release|Any CPU
	EndGlobalSection
	GlobalSection(ProjectConfigurationPlatforms) = postSolution
		{092493A6-CAF0-4FE9-914B-765BFBB1EE7D}.Debug|Any CPU.ActiveCfg = Debug|Any CPU
		{092493A6-CAF0-4FE9-914B-765BFBB1EE7D}.Debug|Any CPU.Build.0 = Debug|Any CPU
		{092493A6-CAF0-4FE9-914B-765BFBB1EE7D}.Release|Any CPU.ActiveCfg = Release|Any CPU
		{092493A6-CAF0-4FE9-914B-765BFBB1EE7D}.Release|Any CPU.Build.0 = Release|Any CPU
	EndGlobalSection
	GlobalSection(SolutionProperties) = preSolution
		HideSolutionNode = FALSE
	EndGlobalSection
	GlobalSection(ExtensibilityGlobals) = postSolution
		SolutionGuid = {C20F4A4A-F975-4A15-8D94-471D9D241F48}
	EndGlobalSection
EndGlobal
