
Microsoft Visual Studio Solution File, Format Version 12.00
# Visual Studio Version 16
VisualStudioVersion = 16.0.29613.14
MinimumVisualStudioVersion = 10.0.40219.1
Project("{FAE04EC0-301F-11D3-BF4B-00C04F79EFBC}") = "20200902", "20200902.csproj", "{8640DE01-7C38-4BB1-99F8-209D6A87F50A}"
EndProject
Global
	GlobalSection(SolutionConfigurationPlatforms) = preSolution
		Debug|Any CPU = Debug|Any CPU
		Release|Any CPU = Release|Any CPU
	EndGlobalSection
	GlobalSection(ProjectConfigurationPlatforms) = postSolution
		{8640DE01-7C38-4BB1-99F8-209D6A87F50A}.Debug|Any CPU.ActiveCfg = Debug|Any CPU
		{8640DE01-7C38-4BB1-99F8-209D6A87F50A}.Debug|Any CPU.Build.0 = Debug|Any CPU
		{8640DE01-7C38-4BB1-99F8-209D6A87F50A}.Release|Any CPU.ActiveCfg = Release|Any CPU
		{8640DE01-7C38-4BB1-99F8-209D6A87F50A}.Release|Any CPU.Build.0 = Release|Any CPU
	EndGlobalSection
	GlobalSection(SolutionProperties) = preSolution
		HideSolutionNode = FALSE
	EndGlobalSection
	GlobalSection(ExtensibilityGlobals) = postSolution
		SolutionGuid = {485A6336-429E-4689-8E1F-A0AC1F19F8AB}
	EndGlobalSection
EndGlobal
