
Microsoft Visual Studio Solution File, Format Version 12.00
# Visual Studio Version 16
VisualStudioVersion = 16.0.29201.188
MinimumVisualStudioVersion = 10.0.40219.1
Project("{FAE04EC0-301F-11D3-BF4B-00C04F79EFBC}") = "20211005", "20211005\20211005.csproj", "{E5A26C19-D376-4B37-B2FF-E7B7F01A3906}"
EndProject
Global
	GlobalSection(SolutionConfigurationPlatforms) = preSolution
		Debug|Any CPU = Debug|Any CPU
		Release|Any CPU = Release|Any CPU
	EndGlobalSection
	GlobalSection(ProjectConfigurationPlatforms) = postSolution
		{E5A26C19-D376-4B37-B2FF-E7B7F01A3906}.Debug|Any CPU.ActiveCfg = Debug|Any CPU
		{E5A26C19-D376-4B37-B2FF-E7B7F01A3906}.Debug|Any CPU.Build.0 = Debug|Any CPU
		{E5A26C19-D376-4B37-B2FF-E7B7F01A3906}.Release|Any CPU.ActiveCfg = Release|Any CPU
		{E5A26C19-D376-4B37-B2FF-E7B7F01A3906}.Release|Any CPU.Build.0 = Release|Any CPU
	EndGlobalSection
	GlobalSection(SolutionProperties) = preSolution
		HideSolutionNode = FALSE
	EndGlobalSection
	GlobalSection(ExtensibilityGlobals) = postSolution
		SolutionGuid = {FB48EAEB-14E9-4CE1-8818-5C8FD6E5BCA8}
	EndGlobalSection
EndGlobal
