
Microsoft Visual Studio Solution File, Format Version 12.00
# Visual Studio Version 16
VisualStudioVersion = 16.0.29201.188
MinimumVisualStudioVersion = 10.0.40219.1
Project("{FAE04EC0-301F-11D3-BF4B-00C04F79EFBC}") = "20210930Feladat9", "20210930Feladat9\20210930Feladat9.csproj", "{437A85E0-70F9-418C-8178-8F2680EEBBCB}"
EndProject
Global
	GlobalSection(SolutionConfigurationPlatforms) = preSolution
		Debug|Any CPU = Debug|Any CPU
		Release|Any CPU = Release|Any CPU
	EndGlobalSection
	GlobalSection(ProjectConfigurationPlatforms) = postSolution
		{437A85E0-70F9-418C-8178-8F2680EEBBCB}.Debug|Any CPU.ActiveCfg = Debug|Any CPU
		{437A85E0-70F9-418C-8178-8F2680EEBBCB}.Debug|Any CPU.Build.0 = Debug|Any CPU
		{437A85E0-70F9-418C-8178-8F2680EEBBCB}.Release|Any CPU.ActiveCfg = Release|Any CPU
		{437A85E0-70F9-418C-8178-8F2680EEBBCB}.Release|Any CPU.Build.0 = Release|Any CPU
	EndGlobalSection
	GlobalSection(SolutionProperties) = preSolution
		HideSolutionNode = FALSE
	EndGlobalSection
	GlobalSection(ExtensibilityGlobals) = postSolution
		SolutionGuid = {BDFBE95B-4E33-4ECB-92CB-C44E1C583CAC}
	EndGlobalSection
EndGlobal
